
Microsoft Visual Studio Solution File, Format Version 12.00
# Visual Studio Version 17
VisualStudioVersion = 17.14.36109.1
MinimumVisualStudioVersion = 10.0.40219.1
Project("{2150E333-8FDC-42A3-9474-1A3956D46DE8}") = "src", "src", "{02EA681E-C7D8-13C7-8484-4AC65E1B71E8}"
	ProjectSection(SolutionItems) = preProject
		.gitignore = .gitignore
	EndProjectSection
EndProject
Project("{FAE04EC0-301F-11D3-BF4B-00C04F79EFBC}") = "FormReceiver", "src\FormReceiver\FormReceiver.csproj", "{FF6F668E-BFAC-4825-B21A-C7537B03127B}"
EndProject
Project("{FAE04EC0-301F-11D3-BF4B-00C04F79EFBC}") = "Common", "src\Common\Common.csproj", "{ACBC084C-6463-45F6-A2CC-5B125CE877AA}"
EndProject
Global
	GlobalSection(SolutionConfigurationPlatforms) = preSolution
		Debug|Any CPU = Debug|Any CPU
		Release|Any CPU = Release|Any CPU
	EndGlobalSection
	GlobalSection(ProjectConfigurationPlatforms) = postSolution
		{FF6F668E-BFAC-4825-B21A-C7537B03127B}.Debug|Any CPU.ActiveCfg = Debug|Any CPU
		{FF6F668E-BFAC-4825-B21A-C7537B03127B}.Debug|Any CPU.Build.0 = Debug|Any CPU
		{FF6F668E-BFAC-4825-B21A-C7537B03127B}.Release|Any CPU.ActiveCfg = Release|Any CPU
		{FF6F668E-BFAC-4825-B21A-C7537B03127B}.Release|Any CPU.Build.0 = Release|Any CPU
		{ACBC084C-6463-45F6-A2CC-5B125CE877AA}.Debug|Any CPU.ActiveCfg = Debug|Any CPU
		{ACBC084C-6463-45F6-A2CC-5B125CE877AA}.Debug|Any CPU.Build.0 = Debug|Any CPU
		{ACBC084C-6463-45F6-A2CC-5B125CE877AA}.Release|Any CPU.ActiveCfg = Release|Any CPU
		{ACBC084C-6463-45F6-A2CC-5B125CE877AA}.Release|Any CPU.Build.0 = Release|Any CPU
	EndGlobalSection
	GlobalSection(SolutionProperties) = preSolution
		HideSolutionNode = FALSE
	EndGlobalSection
	GlobalSection(NestedProjects) = preSolution
		{FF6F668E-BFAC-4825-B21A-C7537B03127B} = {02EA681E-C7D8-13C7-8484-4AC65E1B71E8}
		{ACBC084C-6463-45F6-A2CC-5B125CE877AA} = {02EA681E-C7D8-13C7-8484-4AC65E1B71E8}
	EndGlobalSection
	GlobalSection(ExtensibilityGlobals) = postSolution
		SolutionGuid = {82CC8476-F2C4-4330-ABAA-D90289956E67}
	EndGlobalSection
EndGlobal
